
Microsoft Visual Studio Solution File, Format Version 12.00
# Visual Studio Version 17
VisualStudioVersion = 17.5.002.0
MinimumVisualStudioVersion = 10.0.40219.1
Project("{9A19103F-16F7-4668-BE54-9A1E7A4F7556}") = "l04-decisions", "l04-decisions.csproj", "{BC35DE1F-30F9-42F0-88C5-C60733509F2B}"
EndProject
Global
	GlobalSection(SolutionConfigurationPlatforms) = preSolution
		Debug|Any CPU = Debug|Any CPU
		Release|Any CPU = Release|Any CPU
	EndGlobalSection
	GlobalSection(ProjectConfigurationPlatforms) = postSolution
		{BC35DE1F-30F9-42F0-88C5-C60733509F2B}.Debug|Any CPU.ActiveCfg = Debug|Any CPU
		{BC35DE1F-30F9-42F0-88C5-C60733509F2B}.Debug|Any CPU.Build.0 = Debug|Any CPU
		{BC35DE1F-30F9-42F0-88C5-C60733509F2B}.Release|Any CPU.ActiveCfg = Release|Any CPU
		{BC35DE1F-30F9-42F0-88C5-C60733509F2B}.Release|Any CPU.Build.0 = Release|Any CPU
	EndGlobalSection
	GlobalSection(SolutionProperties) = preSolution
		HideSolutionNode = FALSE
	EndGlobalSection
	GlobalSection(ExtensibilityGlobals) = postSolution
		SolutionGuid = {FFC2C54B-5445-4773-A267-B58D4AE8A7F5}
	EndGlobalSection
EndGlobal
